// !$*UTF8*$!
{
	archiveVersion = 1;
	classes = {
	};
	objectVersion = 46;
	objects = {

/* Begin PBXBuildFile section */
		AD0AE11E1C0124FC000FBB6F /* HelpViewController.swift in Sources */ = {isa = PBXBuildFile; fileRef = AD8E24D51C00E295006D2696 /* HelpViewController.swift */; };
		AD0B73F51BCC22C30085B244 /* DotGame.swift in Sources */ = {isa = PBXBuildFile; fileRef = AD0B73F41BCC22C30085B244 /* DotGame.swift */; };
		AD34A8301C0D4EAF0049D6B2 /* Sprites.atlas in Resources */ = {isa = PBXBuildFile; fileRef = AD34A82F1C0D4EAF0049D6B2 /* Sprites.atlas */; };
		AD34A8321C1364A90049D6B2 /* Background.atlas in Resources */ = {isa = PBXBuildFile; fileRef = AD34A8311C1364A90049D6B2 /* Background.atlas */; };
		AD34A8341C13D8800049D6B2 /* DotArray2D.swift in Sources */ = {isa = PBXBuildFile; fileRef = AD34A8331C13D8800049D6B2 /* DotArray2D.swift */; };
		AD34A8351C13DA0C0049D6B2 /* DotArray2D.swift in Sources */ = {isa = PBXBuildFile; fileRef = AD34A8331C13D8800049D6B2 /* DotArray2D.swift */; };
		AD34A8571C1676440049D6B2 /* StoreController.swift in Sources */ = {isa = PBXBuildFile; fileRef = AD34A8561C1676440049D6B2 /* StoreController.swift */; };
		AD51B03A1BEEDBD200CB2FE7 /* GameLevels.swift in Sources */ = {isa = PBXBuildFile; fileRef = AD5D0D0B1BED23DE005043A8 /* GameLevels.swift */; };
		AD51B03B1BEEDC1600CB2FE7 /* DotGame.swift in Sources */ = {isa = PBXBuildFile; fileRef = AD0B73F41BCC22C30085B244 /* DotGame.swift */; };
		AD51B03C1BEEDC1900CB2FE7 /* Array2D.swift in Sources */ = {isa = PBXBuildFile; fileRef = ADF807F81BC4479A00E45888 /* Array2D.swift */; };
		AD51B03D1BEEDC4400CB2FE7 /* Dot.swift in Sources */ = {isa = PBXBuildFile; fileRef = ADF807F61BC446A400E45888 /* Dot.swift */; };
		AD51B03E1BEEF10800CB2FE7 /* MadDot.swift in Sources */ = {isa = PBXBuildFile; fileRef = ADF807FC1BC447D100E45888 /* MadDot.swift */; };
		AD51B03F1BEEF11000CB2FE7 /* GoodDot.swift in Sources */ = {isa = PBXBuildFile; fileRef = AD5D0D091BEBD553005043A8 /* GoodDot.swift */; };
		AD51B0401BEEF11800CB2FE7 /* HandleChains.swift in Sources */ = {isa = PBXBuildFile; fileRef = AD5E50091BD409D900AE3858 /* HandleChains.swift */; };
		AD51B0411BEEF15A00CB2FE7 /* Piece.swift in Sources */ = {isa = PBXBuildFile; fileRef = ADF807FA1BC447BF00E45888 /* Piece.swift */; };
		AD5D0D0A1BEBD553005043A8 /* GoodDot.swift in Sources */ = {isa = PBXBuildFile; fileRef = AD5D0D091BEBD553005043A8 /* GoodDot.swift */; };
		AD5D0D0C1BED23DE005043A8 /* GameLevels.swift in Sources */ = {isa = PBXBuildFile; fileRef = AD5D0D0B1BED23DE005043A8 /* GameLevels.swift */; };
		AD5D0D151BEED5B8005043A8 /* MadDotsTests.swift in Sources */ = {isa = PBXBuildFile; fileRef = AD5D0D141BEED5B8005043A8 /* MadDotsTests.swift */; };
		AD5D0D1D1BEED7AF005043A8 /* GameLevelsTests.swift in Sources */ = {isa = PBXBuildFile; fileRef = AD5D0D1C1BEED7AF005043A8 /* GameLevelsTests.swift */; };
		AD5E500A1BD409D900AE3858 /* HandleChains.swift in Sources */ = {isa = PBXBuildFile; fileRef = AD5E50091BD409D900AE3858 /* HandleChains.swift */; };
		AD87227B1C1C9DBE0037A009 /* StoreController.swift in Sources */ = {isa = PBXBuildFile; fileRef = AD34A8561C1676440049D6B2 /* StoreController.swift */; };
		AD8E24D61C00E295006D2696 /* HelpViewController.swift in Sources */ = {isa = PBXBuildFile; fileRef = AD8E24D51C00E295006D2696 /* HelpViewController.swift */; };
		AD9CAE6F1C080D4200BD3E9B /* Utilities.swift in Sources */ = {isa = PBXBuildFile; fileRef = AD9CAE6E1C080D4200BD3E9B /* Utilities.swift */; };
		AD9CAE701C08E32700BD3E9B /* Utilities.swift in Sources */ = {isa = PBXBuildFile; fileRef = AD9CAE6E1C080D4200BD3E9B /* Utilities.swift */; };
		ADAD42BB1C34EF4B002B0493 /* IAPHelper.swift in Sources */ = {isa = PBXBuildFile; fileRef = ADB73FEA1C30911300365022 /* IAPHelper.swift */; };
		ADAD42BD1C35E9E5002B0493 /* Globals.swift in Sources */ = {isa = PBXBuildFile; fileRef = ADAD42BC1C35E9E5002B0493 /* Globals.swift */; };
		ADB66DA91BF2CC1D0039C006 /* MainController.swift in Sources */ = {isa = PBXBuildFile; fileRef = ADB66DA81BF2CC1D0039C006 /* MainController.swift */; };
		ADB73FEB1C30911300365022 /* IAPHelper.swift in Sources */ = {isa = PBXBuildFile; fileRef = ADB73FEA1C30911300365022 /* IAPHelper.swift */; };
		ADB73FED1C3091BC00365022 /* Products.swift in Sources */ = {isa = PBXBuildFile; fileRef = ADB73FEC1C3091BC00365022 /* Products.swift */; };
		ADB73FEE1C3092FA00365022 /* Products.swift in Sources */ = {isa = PBXBuildFile; fileRef = ADB73FEC1C3091BC00365022 /* Products.swift */; };
		ADC1DC8A1C262F54004CE42F /* SettingsController.swift in Sources */ = {isa = PBXBuildFile; fileRef = ADC1DC891C262F54004CE42F /* SettingsController.swift */; };
		ADD284F31BF90B3100A4732A /* PieceRotation.swift in Sources */ = {isa = PBXBuildFile; fileRef = ADD284F21BF90B3100A4732A /* PieceRotation.swift */; };
		ADD284F41BFADABA00A4732A /* GameScene.swift in Sources */ = {isa = PBXBuildFile; fileRef = ADF807E41BC4462300E45888 /* GameScene.swift */; };
		ADD284F51BFADABA00A4732A /* GameViewController.swift in Sources */ = {isa = PBXBuildFile; fileRef = ADF807E61BC4462300E45888 /* GameViewController.swift */; };
		ADDBB15C1BF2C34800797A4C /* MainScene.swift in Sources */ = {isa = PBXBuildFile; fileRef = ADDBB15B1BF2C34800797A4C /* MainScene.swift */; };
		ADF55A881BF573CE00F90381 /* ChainHandler.swift in Sources */ = {isa = PBXBuildFile; fileRef = ADF55A871BF573CE00F90381 /* ChainHandler.swift */; };
		ADF55A891BF584C900F90381 /* MainController.swift in Sources */ = {isa = PBXBuildFile; fileRef = ADB66DA81BF2CC1D0039C006 /* MainController.swift */; };
		ADF807E11BC4462300E45888 /* AppDelegate.swift in Sources */ = {isa = PBXBuildFile; fileRef = ADF807E01BC4462300E45888 /* AppDelegate.swift */; };
		ADF807E51BC4462300E45888 /* GameScene.swift in Sources */ = {isa = PBXBuildFile; fileRef = ADF807E41BC4462300E45888 /* GameScene.swift */; };
		ADF807E71BC4462300E45888 /* GameViewController.swift in Sources */ = {isa = PBXBuildFile; fileRef = ADF807E61BC4462300E45888 /* GameViewController.swift */; };
		ADF807EA1BC4462300E45888 /* Main.storyboard in Resources */ = {isa = PBXBuildFile; fileRef = ADF807E81BC4462300E45888 /* Main.storyboard */; };
		ADF807EC1BC4462300E45888 /* Assets.xcassets in Resources */ = {isa = PBXBuildFile; fileRef = ADF807EB1BC4462300E45888 /* Assets.xcassets */; };
		ADF807EF1BC4462300E45888 /* LaunchScreen.storyboard in Resources */ = {isa = PBXBuildFile; fileRef = ADF807ED1BC4462300E45888 /* LaunchScreen.storyboard */; };
		ADF807F71BC446A400E45888 /* Dot.swift in Sources */ = {isa = PBXBuildFile; fileRef = ADF807F61BC446A400E45888 /* Dot.swift */; };
		ADF807F91BC4479A00E45888 /* Array2D.swift in Sources */ = {isa = PBXBuildFile; fileRef = ADF807F81BC4479A00E45888 /* Array2D.swift */; };
		ADF807FB1BC447BF00E45888 /* Piece.swift in Sources */ = {isa = PBXBuildFile; fileRef = ADF807FA1BC447BF00E45888 /* Piece.swift */; };
		ADF807FD1BC447D100E45888 /* MadDot.swift in Sources */ = {isa = PBXBuildFile; fileRef = ADF807FC1BC447D100E45888 /* MadDot.swift */; };
		ADFC4DBD1C30FCBF00F54A41 /* StoreViewController.swift in Sources */ = {isa = PBXBuildFile; fileRef = ADFC4DBC1C30FCBF00F54A41 /* StoreViewController.swift */; };
/* End PBXBuildFile section */

/* Begin PBXContainerItemProxy section */
		AD5D0D171BEED5B8005043A8 /* PBXContainerItemProxy */ = {
			isa = PBXContainerItemProxy;
			containerPortal = ADF807D51BC4462300E45888 /* Project object */;
			proxyType = 1;
			remoteGlobalIDString = ADF807DC1BC4462300E45888;
			remoteInfo = MadDots;
		};
/* End PBXContainerItemProxy section */

/* Begin PBXFileReference section */
		AD0B73F41BCC22C30085B244 /* DotGame.swift */ = {isa = PBXFileReference; fileEncoding = 4; lastKnownFileType = sourcecode.swift; path = DotGame.swift; sourceTree = "<group>"; };
		AD34A82F1C0D4EAF0049D6B2 /* Sprites.atlas */ = {isa = PBXFileReference; lastKnownFileType = folder.skatlas; path = Sprites.atlas; sourceTree = "<group>"; };
		AD34A8311C1364A90049D6B2 /* Background.atlas */ = {isa = PBXFileReference; lastKnownFileType = folder.skatlas; path = Background.atlas; sourceTree = "<group>"; };
		AD34A8331C13D8800049D6B2 /* DotArray2D.swift */ = {isa = PBXFileReference; fileEncoding = 4; lastKnownFileType = sourcecode.swift; path = DotArray2D.swift; sourceTree = "<group>"; };
		AD34A8561C1676440049D6B2 /* StoreController.swift */ = {isa = PBXFileReference; fileEncoding = 4; lastKnownFileType = sourcecode.swift; path = StoreController.swift; sourceTree = "<group>"; };
		AD5D0D091BEBD553005043A8 /* GoodDot.swift */ = {isa = PBXFileReference; fileEncoding = 4; lastKnownFileType = sourcecode.swift; path = GoodDot.swift; sourceTree = "<group>"; };
		AD5D0D0B1BED23DE005043A8 /* GameLevels.swift */ = {isa = PBXFileReference; fileEncoding = 4; lastKnownFileType = sourcecode.swift; path = GameLevels.swift; sourceTree = "<group>"; };
		AD5D0D121BEED5B8005043A8 /* MadDotsTests.xctest */ = {isa = PBXFileReference; explicitFileType = wrapper.cfbundle; includeInIndex = 0; path = MadDotsTests.xctest; sourceTree = BUILT_PRODUCTS_DIR; };
		AD5D0D141BEED5B8005043A8 /* MadDotsTests.swift */ = {isa = PBXFileReference; lastKnownFileType = sourcecode.swift; path = MadDotsTests.swift; sourceTree = "<group>"; };
		AD5D0D161BEED5B8005043A8 /* Info.plist */ = {isa = PBXFileReference; lastKnownFileType = text.plist.xml; path = Info.plist; sourceTree = "<group>"; };
		AD5D0D1C1BEED7AF005043A8 /* GameLevelsTests.swift */ = {isa = PBXFileReference; fileEncoding = 4; lastKnownFileType = sourcecode.swift; path = GameLevelsTests.swift; sourceTree = "<group>"; };
		AD5E50091BD409D900AE3858 /* HandleChains.swift */ = {isa = PBXFileReference; fileEncoding = 4; lastKnownFileType = sourcecode.swift; path = HandleChains.swift; sourceTree = "<group>"; };
		AD8E24D51C00E295006D2696 /* HelpViewController.swift */ = {isa = PBXFileReference; fileEncoding = 4; lastKnownFileType = sourcecode.swift; path = HelpViewController.swift; sourceTree = "<group>"; };
		AD9CAE6E1C080D4200BD3E9B /* Utilities.swift */ = {isa = PBXFileReference; fileEncoding = 4; lastKnownFileType = sourcecode.swift; path = Utilities.swift; sourceTree = "<group>"; };
		ADAD42BC1C35E9E5002B0493 /* Globals.swift */ = {isa = PBXFileReference; fileEncoding = 4; lastKnownFileType = sourcecode.swift; path = Globals.swift; sourceTree = "<group>"; };
		ADB66DA81BF2CC1D0039C006 /* MainController.swift */ = {isa = PBXFileReference; fileEncoding = 4; lastKnownFileType = sourcecode.swift; path = MainController.swift; sourceTree = "<group>"; };
		ADB73FEA1C30911300365022 /* IAPHelper.swift */ = {isa = PBXFileReference; fileEncoding = 4; lastKnownFileType = sourcecode.swift; path = IAPHelper.swift; sourceTree = "<group>"; };
		ADB73FEC1C3091BC00365022 /* Products.swift */ = {isa = PBXFileReference; fileEncoding = 4; lastKnownFileType = sourcecode.swift; path = Products.swift; sourceTree = "<group>"; };
		ADC1DC891C262F54004CE42F /* SettingsController.swift */ = {isa = PBXFileReference; fileEncoding = 4; lastKnownFileType = sourcecode.swift; path = SettingsController.swift; sourceTree = "<group>"; };
		ADD284F21BF90B3100A4732A /* PieceRotation.swift */ = {isa = PBXFileReference; fileEncoding = 4; lastKnownFileType = sourcecode.swift; path = PieceRotation.swift; sourceTree = "<group>"; };
		ADDBB15B1BF2C34800797A4C /* MainScene.swift */ = {isa = PBXFileReference; fileEncoding = 4; lastKnownFileType = sourcecode.swift; path = MainScene.swift; sourceTree = "<group>"; };
		ADF55A871BF573CE00F90381 /* ChainHandler.swift */ = {isa = PBXFileReference; fileEncoding = 4; lastKnownFileType = sourcecode.swift; path = ChainHandler.swift; sourceTree = "<group>"; };
		ADF807DD1BC4462300E45888 /* Dr. Kodama.app */ = {isa = PBXFileReference; explicitFileType = wrapper.application; includeInIndex = 0; path = "Dr. Kodama.app"; sourceTree = BUILT_PRODUCTS_DIR; };
		ADF807E01BC4462300E45888 /* AppDelegate.swift */ = {isa = PBXFileReference; lastKnownFileType = sourcecode.swift; path = AppDelegate.swift; sourceTree = "<group>"; };
		ADF807E41BC4462300E45888 /* GameScene.swift */ = {isa = PBXFileReference; lastKnownFileType = sourcecode.swift; path = GameScene.swift; sourceTree = "<group>"; };
		ADF807E61BC4462300E45888 /* GameViewController.swift */ = {isa = PBXFileReference; lastKnownFileType = sourcecode.swift; path = GameViewController.swift; sourceTree = "<group>"; };
		ADF807E91BC4462300E45888 /* Base */ = {isa = PBXFileReference; lastKnownFileType = file.storyboard; name = Base; path = Base.lproj/Main.storyboard; sourceTree = "<group>"; };
		ADF807EB1BC4462300E45888 /* Assets.xcassets */ = {isa = PBXFileReference; lastKnownFileType = folder.assetcatalog; path = Assets.xcassets; sourceTree = "<group>"; };
		ADF807EE1BC4462300E45888 /* Base */ = {isa = PBXFileReference; lastKnownFileType = file.storyboard; name = Base; path = Base.lproj/LaunchScreen.storyboard; sourceTree = "<group>"; };
		ADF807F01BC4462300E45888 /* Info.plist */ = {isa = PBXFileReference; lastKnownFileType = text.plist.xml; path = Info.plist; sourceTree = "<group>"; };
		ADF807F61BC446A400E45888 /* Dot.swift */ = {isa = PBXFileReference; fileEncoding = 4; lastKnownFileType = sourcecode.swift; path = Dot.swift; sourceTree = "<group>"; };
		ADF807F81BC4479A00E45888 /* Array2D.swift */ = {isa = PBXFileReference; fileEncoding = 4; lastKnownFileType = sourcecode.swift; path = Array2D.swift; sourceTree = "<group>"; };
		ADF807FA1BC447BF00E45888 /* Piece.swift */ = {isa = PBXFileReference; fileEncoding = 4; lastKnownFileType = sourcecode.swift; path = Piece.swift; sourceTree = "<group>"; };
		ADF807FC1BC447D100E45888 /* MadDot.swift */ = {isa = PBXFileReference; fileEncoding = 4; lastKnownFileType = sourcecode.swift; path = MadDot.swift; sourceTree = "<group>"; };
		ADFC4DBC1C30FCBF00F54A41 /* StoreViewController.swift */ = {isa = PBXFileReference; fileEncoding = 4; lastKnownFileType = sourcecode.swift; path = StoreViewController.swift; sourceTree = "<group>"; };
/* End PBXFileReference section */

/* Begin PBXFrameworksBuildPhase section */
		AD5D0D0F1BEED5B8005043A8 /* Frameworks */ = {
			isa = PBXFrameworksBuildPhase;
			buildActionMask = 2147483647;
			files = (
			);
			runOnlyForDeploymentPostprocessing = 0;
		};
		ADF807DA1BC4462300E45888 /* Frameworks */ = {
			isa = PBXFrameworksBuildPhase;
			buildActionMask = 2147483647;
			files = (
			);
			runOnlyForDeploymentPostprocessing = 0;
		};
/* End PBXFrameworksBuildPhase section */

/* Begin PBXGroup section */
		AD5D0D131BEED5B8005043A8 /* MadDotsTests */ = {
			isa = PBXGroup;
			children = (
				AD5D0D141BEED5B8005043A8 /* MadDotsTests.swift */,
				AD5D0D161BEED5B8005043A8 /* Info.plist */,
				AD5D0D1C1BEED7AF005043A8 /* GameLevelsTests.swift */,
				ADF55A871BF573CE00F90381 /* ChainHandler.swift */,
				ADD284F21BF90B3100A4732A /* PieceRotation.swift */,
			);
			path = MadDotsTests;
			sourceTree = "<group>";
		};
		ADF807D41BC4462300E45888 = {
			isa = PBXGroup;
			children = (
				ADF807DF1BC4462300E45888 /* MadDots */,
				AD5D0D131BEED5B8005043A8 /* MadDotsTests */,
				ADF807DE1BC4462300E45888 /* Products */,
			);
			sourceTree = "<group>";
		};
		ADF807DE1BC4462300E45888 /* Products */ = {
			isa = PBXGroup;
			children = (
				ADF807DD1BC4462300E45888 /* Dr. Kodama.app */,
				AD5D0D121BEED5B8005043A8 /* MadDotsTests.xctest */,
			);
			name = Products;
			sourceTree = "<group>";
		};
		ADF807DF1BC4462300E45888 /* MadDots */ = {
			isa = PBXGroup;
			children = (
				AD34A8311C1364A90049D6B2 /* Background.atlas */,
				AD34A82F1C0D4EAF0049D6B2 /* Sprites.atlas */,
				ADF807E01BC4462300E45888 /* AppDelegate.swift */,
				ADF807E41BC4462300E45888 /* GameScene.swift */,
				ADF807E61BC4462300E45888 /* GameViewController.swift */,
				ADF807E81BC4462300E45888 /* Main.storyboard */,
				ADF807EB1BC4462300E45888 /* Assets.xcassets */,
				ADF807ED1BC4462300E45888 /* LaunchScreen.storyboard */,
				ADF807F01BC4462300E45888 /* Info.plist */,
				ADF807F61BC446A400E45888 /* Dot.swift */,
				ADF807F81BC4479A00E45888 /* Array2D.swift */,
				ADF807FA1BC447BF00E45888 /* Piece.swift */,
				ADF807FC1BC447D100E45888 /* MadDot.swift */,
				AD0B73F41BCC22C30085B244 /* DotGame.swift */,
				AD5E50091BD409D900AE3858 /* HandleChains.swift */,
				AD5D0D091BEBD553005043A8 /* GoodDot.swift */,
				AD5D0D0B1BED23DE005043A8 /* GameLevels.swift */,
				ADDBB15B1BF2C34800797A4C /* MainScene.swift */,
				ADB66DA81BF2CC1D0039C006 /* MainController.swift */,
				AD8E24D51C00E295006D2696 /* HelpViewController.swift */,
				AD9CAE6E1C080D4200BD3E9B /* Utilities.swift */,
				AD34A8331C13D8800049D6B2 /* DotArray2D.swift */,
				AD34A8561C1676440049D6B2 /* StoreController.swift */,
				ADC1DC891C262F54004CE42F /* SettingsController.swift */,
				ADB73FEA1C30911300365022 /* IAPHelper.swift */,
				ADB73FEC1C3091BC00365022 /* Products.swift */,
				ADFC4DBC1C30FCBF00F54A41 /* StoreViewController.swift */,
				ADAD42BC1C35E9E5002B0493 /* Globals.swift */,
			);
			path = MadDots;
			sourceTree = "<group>";
		};
/* End PBXGroup section */

/* Begin PBXNativeTarget section */
		AD5D0D111BEED5B8005043A8 /* MadDotsTests */ = {
			isa = PBXNativeTarget;
			buildConfigurationList = AD5D0D191BEED5B8005043A8 /* Build configuration list for PBXNativeTarget "MadDotsTests" */;
			buildPhases = (
				AD5D0D0E1BEED5B8005043A8 /* Sources */,
				AD5D0D0F1BEED5B8005043A8 /* Frameworks */,
				AD5D0D101BEED5B8005043A8 /* Resources */,
			);
			buildRules = (
			);
			dependencies = (
				AD5D0D181BEED5B8005043A8 /* PBXTargetDependency */,
			);
			name = MadDotsTests;
			productName = MadDotsTests;
			productReference = AD5D0D121BEED5B8005043A8 /* MadDotsTests.xctest */;
			productType = "com.apple.product-type.bundle.unit-test";
		};
		ADF807DC1BC4462300E45888 /* Dr. Kodama */ = {
			isa = PBXNativeTarget;
			buildConfigurationList = ADF807F31BC4462300E45888 /* Build configuration list for PBXNativeTarget "Dr. Kodama" */;
			buildPhases = (
				ADF807D91BC4462300E45888 /* Sources */,
				ADF807DA1BC4462300E45888 /* Frameworks */,
				ADF807DB1BC4462300E45888 /* Resources */,
			);
			buildRules = (
			);
			dependencies = (
			);
			name = "Dr. Kodama";
			productName = MadDots;
			productReference = ADF807DD1BC4462300E45888 /* Dr. Kodama.app */;
			productType = "com.apple.product-type.application";
		};
/* End PBXNativeTarget section */

/* Begin PBXProject section */
		ADF807D51BC4462300E45888 /* Project object */ = {
			isa = PBXProject;
			attributes = {
				LastSwiftUpdateCheck = 0710;
				LastUpgradeCheck = 0700;
				ORGANIZATIONNAME = "Kyle Murphy";
				TargetAttributes = {
					AD5D0D111BEED5B8005043A8 = {
						CreatedOnToolsVersion = 7.1;
						TestTargetID = ADF807DC1BC4462300E45888;
					};
					ADF807DC1BC4462300E45888 = {
						CreatedOnToolsVersion = 7.0;
						DevelopmentTeam = 5YW22MKNYB;
					};
				};
			};
			buildConfigurationList = ADF807D81BC4462300E45888 /* Build configuration list for PBXProject "MadDots" */;
			compatibilityVersion = "Xcode 3.2";
			developmentRegion = English;
			hasScannedForEncodings = 0;
			knownRegions = (
				en,
				Base,
			);
			mainGroup = ADF807D41BC4462300E45888;
			productRefGroup = ADF807DE1BC4462300E45888 /* Products */;
			projectDirPath = "";
			projectRoot = "";
			targets = (
				ADF807DC1BC4462300E45888 /* Dr. Kodama */,
				AD5D0D111BEED5B8005043A8 /* MadDotsTests */,
			);
		};
/* End PBXProject section */

/* Begin PBXResourcesBuildPhase section */
		AD5D0D101BEED5B8005043A8 /* Resources */ = {
			isa = PBXResourcesBuildPhase;
			buildActionMask = 2147483647;
			files = (
			);
			runOnlyForDeploymentPostprocessing = 0;
		};
		ADF807DB1BC4462300E45888 /* Resources */ = {
			isa = PBXResourcesBuildPhase;
			buildActionMask = 2147483647;
			files = (
				ADF807EF1BC4462300E45888 /* LaunchScreen.storyboard in Resources */,
				ADF807EC1BC4462300E45888 /* Assets.xcassets in Resources */,
				AD34A8301C0D4EAF0049D6B2 /* Sprites.atlas in Resources */,
				AD34A8321C1364A90049D6B2 /* Background.atlas in Resources */,
				ADF807EA1BC4462300E45888 /* Main.storyboard in Resources */,
			);
			runOnlyForDeploymentPostprocessing = 0;
		};
/* End PBXResourcesBuildPhase section */

/* Begin PBXSourcesBuildPhase section */
		AD5D0D0E1BEED5B8005043A8 /* Sources */ = {
			isa = PBXSourcesBuildPhase;
			buildActionMask = 2147483647;
			files = (
				AD51B03F1BEEF11000CB2FE7 /* GoodDot.swift in Sources */,
				AD51B0401BEEF11800CB2FE7 /* HandleChains.swift in Sources */,
				AD51B0411BEEF15A00CB2FE7 /* Piece.swift in Sources */,
				AD51B03A1BEEDBD200CB2FE7 /* GameLevels.swift in Sources */,
				ADF55A891BF584C900F90381 /* MainController.swift in Sources */,
				AD51B03B1BEEDC1600CB2FE7 /* DotGame.swift in Sources */,
				AD5D0D1D1BEED7AF005043A8 /* GameLevelsTests.swift in Sources */,
				AD5D0D151BEED5B8005043A8 /* MadDotsTests.swift in Sources */,
				AD51B03E1BEEF10800CB2FE7 /* MadDot.swift in Sources */,
				ADF55A881BF573CE00F90381 /* ChainHandler.swift in Sources */,
				AD9CAE701C08E32700BD3E9B /* Utilities.swift in Sources */,
				ADD284F51BFADABA00A4732A /* GameViewController.swift in Sources */,
				AD0AE11E1C0124FC000FBB6F /* HelpViewController.swift in Sources */,
				AD87227B1C1C9DBE0037A009 /* StoreController.swift in Sources */,
				AD51B03C1BEEDC1900CB2FE7 /* Array2D.swift in Sources */,
				ADD284F31BF90B3100A4732A /* PieceRotation.swift in Sources */,
				ADD284F41BFADABA00A4732A /* GameScene.swift in Sources */,
				ADB73FEE1C3092FA00365022 /* Products.swift in Sources */,
				AD51B03D1BEEDC4400CB2FE7 /* Dot.swift in Sources */,
				ADAD42BB1C34EF4B002B0493 /* IAPHelper.swift in Sources */,
				AD34A8351C13DA0C0049D6B2 /* DotArray2D.swift in Sources */,
			);
			runOnlyForDeploymentPostprocessing = 0;
		};
		ADF807D91BC4462300E45888 /* Sources */ = {
			isa = PBXSourcesBuildPhase;
			buildActionMask = 2147483647;
			files = (
				ADC1DC8A1C262F54004CE42F /* SettingsController.swift in Sources */,
				AD5D0D0A1BEBD553005043A8 /* GoodDot.swift in Sources */,
				ADF807E51BC4462300E45888 /* GameScene.swift in Sources */,
				AD5E500A1BD409D900AE3858 /* HandleChains.swift in Sources */,
				AD9CAE6F1C080D4200BD3E9B /* Utilities.swift in Sources */,
				AD0B73F51BCC22C30085B244 /* DotGame.swift in Sources */,
				ADF807E71BC4462300E45888 /* GameViewController.swift in Sources */,
				ADF807FB1BC447BF00E45888 /* Piece.swift in Sources */,
				AD34A8341C13D8800049D6B2 /* DotArray2D.swift in Sources */,
				AD5D0D0C1BED23DE005043A8 /* GameLevels.swift in Sources */,
				ADF807E11BC4462300E45888 /* AppDelegate.swift in Sources */,
				ADB73FEB1C30911300365022 /* IAPHelper.swift in Sources */,
				AD34A8571C1676440049D6B2 /* StoreController.swift in Sources */,
				AD8E24D61C00E295006D2696 /* HelpViewController.swift in Sources */,
				ADF807FD1BC447D100E45888 /* MadDot.swift in Sources */,
				ADDBB15C1BF2C34800797A4C /* MainScene.swift in Sources */,
				ADAD42BD1C35E9E5002B0493 /* Globals.swift in Sources */,
				ADF807F71BC446A400E45888 /* Dot.swift in Sources */,
				ADB73FED1C3091BC00365022 /* Products.swift in Sources */,
				ADB66DA91BF2CC1D0039C006 /* MainController.swift in Sources */,
				ADF807F91BC4479A00E45888 /* Array2D.swift in Sources */,
				ADFC4DBD1C30FCBF00F54A41 /* StoreViewController.swift in Sources */,
			);
			runOnlyForDeploymentPostprocessing = 0;
		};
/* End PBXSourcesBuildPhase section */

/* Begin PBXTargetDependency section */
		AD5D0D181BEED5B8005043A8 /* PBXTargetDependency */ = {
			isa = PBXTargetDependency;
			target = ADF807DC1BC4462300E45888 /* Dr. Kodama */;
			targetProxy = AD5D0D171BEED5B8005043A8 /* PBXContainerItemProxy */;
		};
/* End PBXTargetDependency section */

/* Begin PBXVariantGroup section */
		ADF807E81BC4462300E45888 /* Main.storyboard */ = {
			isa = PBXVariantGroup;
			children = (
				ADF807E91BC4462300E45888 /* Base */,
			);
			name = Main.storyboard;
			sourceTree = "<group>";
		};
		ADF807ED1BC4462300E45888 /* LaunchScreen.storyboard */ = {
			isa = PBXVariantGroup;
			children = (
				ADF807EE1BC4462300E45888 /* Base */,
			);
			name = LaunchScreen.storyboard;
			sourceTree = "<group>";
		};
/* End PBXVariantGroup section */

/* Begin XCBuildConfiguration section */
		AD5D0D1A1BEED5B8005043A8 /* Debug */ = {
			isa = XCBuildConfiguration;
			buildSettings = {
				BUNDLE_LOADER = "$(TEST_HOST)";
				DEBUG_INFORMATION_FORMAT = dwarf;
				INFOPLIST_FILE = MadDotsTests/Info.plist;
				IPHONEOS_DEPLOYMENT_TARGET = 9.1;
				LD_RUNPATH_SEARCH_PATHS = "$(inherited) @executable_path/Frameworks @loader_path/Frameworks";
				PRODUCT_BUNDLE_IDENTIFIER = com.blah.kmurphles.kodamaTests;
				PRODUCT_NAME = "$(TARGET_NAME)";
				TEST_HOST = "$(BUILT_PRODUCTS_DIR)/MadDots.app/MadDots";
			};
			name = Debug;
		};
		AD5D0D1B1BEED5B8005043A8 /* Release */ = {
			isa = XCBuildConfiguration;
			buildSettings = {
				BUNDLE_LOADER = "$(TEST_HOST)";
				INFOPLIST_FILE = MadDotsTests/Info.plist;
				IPHONEOS_DEPLOYMENT_TARGET = 9.1;
				LD_RUNPATH_SEARCH_PATHS = "$(inherited) @executable_path/Frameworks @loader_path/Frameworks";
				PRODUCT_BUNDLE_IDENTIFIER = com.blah.kmurphles.kodamaTests;
				PRODUCT_NAME = "$(TARGET_NAME)";
				TEST_HOST = "$(BUILT_PRODUCTS_DIR)/MadDots.app/MadDots";
			};
			name = Release;
		};
		ADF807F11BC4462300E45888 /* Debug */ = {
			isa = XCBuildConfiguration;
			buildSettings = {
				ALWAYS_SEARCH_USER_PATHS = NO;
				CLANG_CXX_LANGUAGE_STANDARD = "gnu++0x";
				CLANG_CXX_LIBRARY = "libc++";
				CLANG_ENABLE_MODULES = YES;
				CLANG_ENABLE_OBJC_ARC = YES;
				CLANG_WARN_BOOL_CONVERSION = YES;
				CLANG_WARN_CONSTANT_CONVERSION = YES;
				CLANG_WARN_DIRECT_OBJC_ISA_USAGE = YES_ERROR;
				CLANG_WARN_EMPTY_BODY = YES;
				CLANG_WARN_ENUM_CONVERSION = YES;
				CLANG_WARN_INT_CONVERSION = YES;
				CLANG_WARN_OBJC_ROOT_CLASS = YES_ERROR;
				CLANG_WARN_UNREACHABLE_CODE = YES;
				CLANG_WARN__DUPLICATE_METHOD_MATCH = YES;
				"CODE_SIGN_IDENTITY[sdk=iphoneos*]" = "iPhone Developer";
				COPY_PHASE_STRIP = NO;
				DEBUG_INFORMATION_FORMAT = "dwarf-with-dsym";
				ENABLE_STRICT_OBJC_MSGSEND = YES;
				ENABLE_TESTABILITY = YES;
				GCC_C_LANGUAGE_STANDARD = gnu99;
				GCC_DYNAMIC_NO_PIC = NO;
				GCC_NO_COMMON_BLOCKS = YES;
				GCC_OPTIMIZATION_LEVEL = 0;
				GCC_PREPROCESSOR_DEFINITIONS = (
					"DEBUG=1",
					"$(inherited)",
				);
				GCC_WARN_64_TO_32_BIT_CONVERSION = YES;
				GCC_WARN_ABOUT_RETURN_TYPE = YES_ERROR;
				GCC_WARN_UNDECLARED_SELECTOR = YES;
				GCC_WARN_UNINITIALIZED_AUTOS = YES_AGGRESSIVE;
				GCC_WARN_UNUSED_FUNCTION = YES;
				GCC_WARN_UNUSED_VARIABLE = YES;
				IPHONEOS_DEPLOYMENT_TARGET = 9.0;
				MTL_ENABLE_DEBUG_INFO = YES;
				ONLY_ACTIVE_ARCH = YES;
				SDKROOT = iphoneos;
				SWIFT_OPTIMIZATION_LEVEL = "-Onone";
			};
			name = Debug;
		};
		ADF807F21BC4462300E45888 /* Release */ = {
			isa = XCBuildConfiguration;
			buildSettings = {
				ALWAYS_SEARCH_USER_PATHS = NO;
				CLANG_CXX_LANGUAGE_STANDARD = "gnu++0x";
				CLANG_CXX_LIBRARY = "libc++";
				CLANG_ENABLE_MODULES = YES;
				CLANG_ENABLE_OBJC_ARC = YES;
				CLANG_WARN_BOOL_CONVERSION = YES;
				CLANG_WARN_CONSTANT_CONVERSION = YES;
				CLANG_WARN_DIRECT_OBJC_ISA_USAGE = YES_ERROR;
				CLANG_WARN_EMPTY_BODY = YES;
				CLANG_WARN_ENUM_CONVERSION = YES;
				CLANG_WARN_INT_CONVERSION = YES;
				CLANG_WARN_OBJC_ROOT_CLASS = YES_ERROR;
				CLANG_WARN_UNREACHABLE_CODE = YES;
				CLANG_WARN__DUPLICATE_METHOD_MATCH = YES;
				"CODE_SIGN_IDENTITY[sdk=iphoneos*]" = "iPhone Developer";
				COPY_PHASE_STRIP = NO;
				DEBUG_INFORMATION_FORMAT = "dwarf-with-dsym";
				ENABLE_NS_ASSERTIONS = NO;
				ENABLE_STRICT_OBJC_MSGSEND = YES;
				GCC_C_LANGUAGE_STANDARD = gnu99;
				GCC_NO_COMMON_BLOCKS = YES;
				GCC_WARN_64_TO_32_BIT_CONVERSION = YES;
				GCC_WARN_ABOUT_RETURN_TYPE = YES_ERROR;
				GCC_WARN_UNDECLARED_SELECTOR = YES;
				GCC_WARN_UNINITIALIZED_AUTOS = YES_AGGRESSIVE;
				GCC_WARN_UNUSED_FUNCTION = YES;
				GCC_WARN_UNUSED_VARIABLE = YES;
				IPHONEOS_DEPLOYMENT_TARGET = 9.0;
				MTL_ENABLE_DEBUG_INFO = NO;
				SDKROOT = iphoneos;
				VALIDATE_PRODUCT = YES;
			};
			name = Release;
		};
		ADF807F41BC4462300E45888 /* Debug */ = {
			isa = XCBuildConfiguration;
			buildSettings = {
				ASSETCATALOG_COMPILER_APPICON_NAME = AppIcon;
				CODE_SIGN_IDENTITY = "iPhone Developer";
				INFOPLIST_FILE = MadDots/Info.plist;
				IPHONEOS_DEPLOYMENT_TARGET = 8.0;
				LD_RUNPATH_SEARCH_PATHS = "$(inherited) @executable_path/Frameworks";
				PRODUCT_BUNDLE_IDENTIFIER = com.blah.kmurphles.kodama;
				PRODUCT_NAME = "$(TARGET_NAME)";
				TARGETED_DEVICE_FAMILY = "1,2";
			};
			name = Debug;
		};
		ADF807F51BC4462300E45888 /* Release */ = {
			isa = XCBuildConfiguration;
			buildSettings = {
				ASSETCATALOG_COMPILER_APPICON_NAME = AppIcon;
				CODE_SIGN_IDENTITY = "iPhone Developer";
				INFOPLIST_FILE = MadDots/Info.plist;
				IPHONEOS_DEPLOYMENT_TARGET = 8.0;
				LD_RUNPATH_SEARCH_PATHS = "$(inherited) @executable_path/Frameworks";
				PRODUCT_BUNDLE_IDENTIFIER = com.blah.kmurphles.kodama;
				PRODUCT_NAME = "$(TARGET_NAME)";
				TARGETED_DEVICE_FAMILY = "1,2";
			};
			name = Release;
		};
/* End XCBuildConfiguration section */

/* Begin XCConfigurationList section */
		AD5D0D191BEED5B8005043A8 /* Build configuration list for PBXNativeTarget "MadDotsTests" */ = {
			isa = XCConfigurationList;
			buildConfigurations = (
				AD5D0D1A1BEED5B8005043A8 /* Debug */,
				AD5D0D1B1BEED5B8005043A8 /* Release */,
			);
			defaultConfigurationIsVisible = 0;
			defaultConfigurationName = Release;
		};
		ADF807D81BC4462300E45888 /* Build configuration list for PBXProject "MadDots" */ = {
			isa = XCConfigurationList;
			buildConfigurations = (
				ADF807F11BC4462300E45888 /* Debug */,
				ADF807F21BC4462300E45888 /* Release */,
			);
			defaultConfigurationIsVisible = 0;
			defaultConfigurationName = Release;
		};
		ADF807F31BC4462300E45888 /* Build configuration list for PBXNativeTarget "Dr. Kodama" */ = {
			isa = XCConfigurationList;
			buildConfigurations = (
				ADF807F41BC4462300E45888 /* Debug */,
				ADF807F51BC4462300E45888 /* Release */,
			);
			defaultConfigurationIsVisible = 0;
			defaultConfigurationName = Release;
		};
/* End XCConfigurationList section */
	};
	rootObject = ADF807D51BC4462300E45888 /* Project object */;
}
